
Microsoft Visual Studio Solution File, Format Version 12.00
# Visual Studio Version 17
VisualStudioVersion = 17.8.34004.107
MinimumVisualStudioVersion = 10.0.40219.1
Project("{FAE04EC0-301F-11D3-BF4B-00C04F79EFBC}") = "Aplikasikonversi(naufal)", "Aplikasikonversi(naufal)\Aplikasikonversi(naufal).csproj", "{7FEF6792-E257-4F09-B394-55EB8656D5D7}"
EndProject
Global
	GlobalSection(SolutionConfigurationPlatforms) = preSolution
		Debug|Any CPU = Debug|Any CPU
		Release|Any CPU = Release|Any CPU
	EndGlobalSection
	GlobalSection(ProjectConfigurationPlatforms) = postSolution
		{7FEF6792-E257-4F09-B394-55EB8656D5D7}.Debug|Any CPU.ActiveCfg = Debug|Any CPU
		{7FEF6792-E257-4F09-B394-55EB8656D5D7}.Debug|Any CPU.Build.0 = Debug|Any CPU
		{7FEF6792-E257-4F09-B394-55EB8656D5D7}.Release|Any CPU.ActiveCfg = Release|Any CPU
		{7FEF6792-E257-4F09-B394-55EB8656D5D7}.Release|Any CPU.Build.0 = Release|Any CPU
	EndGlobalSection
	GlobalSection(SolutionProperties) = preSolution
		HideSolutionNode = FALSE
	EndGlobalSection
	GlobalSection(ExtensibilityGlobals) = postSolution
		SolutionGuid = {D7D7D39C-BD17-4A52-A64E-2AF0E314079B}
	EndGlobalSection
EndGlobal
